
Microsoft Visual Studio Solution File, Format Version 12.00
# Visual Studio Version 17
VisualStudioVersion = 17.5.33103.201
MinimumVisualStudioVersion = 10.0.40219.1
Project("{FAE04EC0-301F-11D3-BF4B-00C04F79EFBC}") = "Todo", "Todo\Todo.csproj", "{F4DC32E6-176C-4737-A214-89A6767714BB}"
EndProject
Global
	GlobalSection(SolutionConfigurationPlatforms) = preSolution
		Debug|Any CPU = Debug|Any CPU
		Release|Any CPU = Release|Any CPU
	EndGlobalSection
	GlobalSection(ProjectConfigurationPlatforms) = postSolution
		{F4DC32E6-176C-4737-A214-89A6767714BB}.Debug|Any CPU.ActiveCfg = Debug|Any CPU
		{F4DC32E6-176C-4737-A214-89A6767714BB}.Debug|Any CPU.Build.0 = Debug|Any CPU
		{F4DC32E6-176C-4737-A214-89A6767714BB}.Release|Any CPU.ActiveCfg = Release|Any CPU
		{F4DC32E6-176C-4737-A214-89A6767714BB}.Release|Any CPU.Build.0 = Release|Any CPU
	EndGlobalSection
	GlobalSection(SolutionProperties) = preSolution
		HideSolutionNode = FALSE
	EndGlobalSection
	GlobalSection(ExtensibilityGlobals) = postSolution
		SolutionGuid = {01C2A983-7BC0-485D-AADE-689A5467A616}
	EndGlobalSection
EndGlobal
